// !$*UTF8*$!
{
	archiveVersion = 1;
	classes = {
	};
	objectVersion = 56;
	objects = {

/* Begin PBXBuildFile section */
		72022A5229F3DCCF00DC9012 /* Linkman.swift in Sources */ = {isa = PBXBuildFile; fileRef = 72022A5129F3DCCF00DC9012 /* Linkman.swift */; };
		72022A5429F3FF6400DC9012 /* RegisterView.swift in Sources */ = {isa = PBXBuildFile; fileRef = 72022A5329F3FF6400DC9012 /* RegisterView.swift */; };
		72022A5629F409B300DC9012 /* View+helper.swift in Sources */ = {isa = PBXBuildFile; fileRef = 72022A5529F409B300DC9012 /* View+helper.swift */; };
		72022A5A29F418A100DC9012 /* ErrorView.swift in Sources */ = {isa = PBXBuildFile; fileRef = 72022A5929F418A100DC9012 /* ErrorView.swift */; };
		72022A5E29F4273100DC9012 /* ErrorService.swift in Sources */ = {isa = PBXBuildFile; fileRef = 72022A5D29F4273100DC9012 /* ErrorService.swift */; };
		72022AC029F7C23C00DC9012 /* Box.swift in Sources */ = {isa = PBXBuildFile; fileRef = 72022ABF29F7C23C00DC9012 /* Box.swift */; };
		72022AC229F7C68A00DC9012 /* String+Util.swift in Sources */ = {isa = PBXBuildFile; fileRef = 72022AC129F7C68A00DC9012 /* String+Util.swift */; };
		72022AC429F8FF8300DC9012 /* LoadingView.swift in Sources */ = {isa = PBXBuildFile; fileRef = 72022AC329F8FF8300DC9012 /* LoadingView.swift */; };
		72022AC829F9198F00DC9012 /* OnboardingView.swift in Sources */ = {isa = PBXBuildFile; fileRef = 72022AC729F9198F00DC9012 /* OnboardingView.swift */; };
		72022ACA29FA078900DC9012 /* TokenService.swift in Sources */ = {isa = PBXBuildFile; fileRef = 72022AC929FA078900DC9012 /* TokenService.swift */; };
		72022ACC29FA081600DC9012 /* UserDefault+Orange.swift in Sources */ = {isa = PBXBuildFile; fileRef = 72022ACB29FA081600DC9012 /* UserDefault+Orange.swift */; };
		72022ACF29FA206200DC9012 /* MainContentView.swift in Sources */ = {isa = PBXBuildFile; fileRef = 72022ACE29FA206200DC9012 /* MainContentView.swift */; };
		72022AD129FA2A1E00DC9012 /* ModePickerView.swift in Sources */ = {isa = PBXBuildFile; fileRef = 72022AD029FA2A1E00DC9012 /* ModePickerView.swift */; };
		72022AD729FA61FF00DC9012 /* SideMenuView.swift in Sources */ = {isa = PBXBuildFile; fileRef = 72022AD629FA61FF00DC9012 /* SideMenuView.swift */; };
		72022AD929FA724C00DC9012 /* MainView.swift in Sources */ = {isa = PBXBuildFile; fileRef = 72022AD829FA724C00DC9012 /* MainView.swift */; };
		72022AF729FE2F7600DC9012 /* NetworkExtension.framework in Frameworks */ = {isa = PBXBuildFile; fileRef = 72022AE329FD434C00DC9012 /* NetworkExtension.framework */; };
		7208212C29E951B200D36AF3 /* orange_acceleratorApp.swift in Sources */ = {isa = PBXBuildFile; fileRef = 7208212B29E951B200D36AF3 /* orange_acceleratorApp.swift */; };
		7208212E29E951B200D36AF3 /* ContentView.swift in Sources */ = {isa = PBXBuildFile; fileRef = 7208212D29E951B200D36AF3 /* ContentView.swift */; };
		7208213029E951B300D36AF3 /* Assets.xcassets in Resources */ = {isa = PBXBuildFile; fileRef = 7208212F29E951B300D36AF3 /* Assets.xcassets */; };
		7208213329E951B300D36AF3 /* Preview Assets.xcassets in Resources */ = {isa = PBXBuildFile; fileRef = 7208213229E951B300D36AF3 /* Preview Assets.xcassets */; };
		7208213D29E951B300D36AF3 /* orange_acceleratorTests.swift in Sources */ = {isa = PBXBuildFile; fileRef = 7208213C29E951B300D36AF3 /* orange_acceleratorTests.swift */; };
		7208214729E951B300D36AF3 /* orange_acceleratorUITests.swift in Sources */ = {isa = PBXBuildFile; fileRef = 7208214629E951B300D36AF3 /* orange_acceleratorUITests.swift */; };
		7208214929E951B300D36AF3 /* orange_acceleratorUITestsLaunchTests.swift in Sources */ = {isa = PBXBuildFile; fileRef = 7208214829E951B300D36AF3 /* orange_acceleratorUITestsLaunchTests.swift */; };
		7208215829EAC5AD00D36AF3 /* LoginView.swift in Sources */ = {isa = PBXBuildFile; fileRef = 7208215729EAC5AD00D36AF3 /* LoginView.swift */; };
		722513522A12319C00E3ED85 /* InviteService.swift in Sources */ = {isa = PBXBuildFile; fileRef = 722513512A12319C00E3ED85 /* InviteService.swift */; };
		722513542A12515800E3ED85 /* InviteView.swift in Sources */ = {isa = PBXBuildFile; fileRef = 722513532A12515800E3ED85 /* InviteView.swift */; };
		722513562A12525900E3ED85 /* Separator.swift in Sources */ = {isa = PBXBuildFile; fileRef = 722513552A12525900E3ED85 /* Separator.swift */; };
		722513582A1375FB00E3ED85 /* URLComponents+Util.swift in Sources */ = {isa = PBXBuildFile; fileRef = 722513572A1375FB00E3ED85 /* URLComponents+Util.swift */; };
		722700792A0B5EDA0098D988 /* V2Config.swift in Sources */ = {isa = PBXBuildFile; fileRef = 7275E5A52A06B9D30091FA7A /* V2Config.swift */; };
		722700822A0C6D990098D988 /* FirstTimeRestart.swift in Sources */ = {isa = PBXBuildFile; fileRef = 722700812A0C6D990098D988 /* FirstTimeRestart.swift */; };
		7273D89129FE40D80006BDA4 /* NetworkExtension.framework in Frameworks */ = {isa = PBXBuildFile; fileRef = 72022AE329FD434C00DC9012 /* NetworkExtension.framework */; };
		7273D89429FE40D80006BDA4 /* PacketTunnelProvider.swift in Sources */ = {isa = PBXBuildFile; fileRef = 7273D89329FE40D80006BDA4 /* PacketTunnelProvider.swift */; };
		7273D89929FE40D80006BDA4 /* orange-tunnel.appex in Embed Foundation Extensions */ = {isa = PBXBuildFile; fileRef = 7273D89029FE40D80006BDA4 /* orange-tunnel.appex */; settings = {ATTRIBUTES = (RemoveHeadersOnCopy, ); }; };
		7275E5982A0623330091FA7A /* EndpointService.swift in Sources */ = {isa = PBXBuildFile; fileRef = 7275E5972A0623330091FA7A /* EndpointService.swift */; };
		7275E59A2A062F850091FA7A /* NETunnelProviderManager+Helper.swift in Sources */ = {isa = PBXBuildFile; fileRef = 7275E5992A062F850091FA7A /* NETunnelProviderManager+Helper.swift */; };
		7275E59E2A0687DC0091FA7A /* Account.swift in Sources */ = {isa = PBXBuildFile; fileRef = 7275E59D2A0687DC0091FA7A /* Account.swift */; };
		7275E5A02A06B2BD0091FA7A /* RouteMode.swift in Sources */ = {isa = PBXBuildFile; fileRef = 7275E59F2A06B2BD0091FA7A /* RouteMode.swift */; };
		7275E5A62A06B9D30091FA7A /* V2Config.swift in Sources */ = {isa = PBXBuildFile; fileRef = 7275E5A52A06B9D30091FA7A /* V2Config.swift */; };
		7275E5A82A08F2D80091FA7A /* geosite.dat in Resources */ = {isa = PBXBuildFile; fileRef = 7275E5A72A08F2D80091FA7A /* geosite.dat */; };
		7275E5AA2A08F5670091FA7A /* NodeListView.swift in Sources */ = {isa = PBXBuildFile; fileRef = 7275E5A92A08F5670091FA7A /* NodeListView.swift */; };
		7275E5AE2A0903BF0091FA7A /* PopupView.swift in Sources */ = {isa = PBXBuildFile; fileRef = 7275E5AD2A0903BF0091FA7A /* PopupView.swift */; };
		7275E5B02A0929D90091FA7A /* MemberStoreView.swift in Sources */ = {isa = PBXBuildFile; fileRef = 7275E5AF2A0929D90091FA7A /* MemberStoreView.swift */; };
		7275E5B42A09D5F20091FA7A /* ConnectionStatusView.swift in Sources */ = {isa = PBXBuildFile; fileRef = 7275E5B32A09D5F20091FA7A /* ConnectionStatusView.swift */; };
		7275E5B62A09F3430091FA7A /* v2orange.xcframework in Frameworks */ = {isa = PBXBuildFile; fileRef = 7275E5B52A09F3430091FA7A /* v2orange.xcframework */; };
		7275E5B72A09F3430091FA7A /* v2orange.xcframework in Frameworks */ = {isa = PBXBuildFile; fileRef = 7275E5B52A09F3430091FA7A /* v2orange.xcframework */; };
		7275E5B92A09FB010091FA7A /* MemberStore.swift in Sources */ = {isa = PBXBuildFile; fileRef = 7275E5B82A09FB010091FA7A /* MemberStore.swift */; };
		7275E5BC2A0A15760091FA7A /* OrangeButton.swift in Sources */ = {isa = PBXBuildFile; fileRef = 7275E5BB2A0A15760091FA7A /* OrangeButton.swift */; };
		7275E5BF2A0A276C0091FA7A /* NavigationTitleView.swift in Sources */ = {isa = PBXBuildFile; fileRef = 7275E5BE2A0A276C0091FA7A /* NavigationTitleView.swift */; };
		7275E5C22A0A34960091FA7A /* NavigationSwipHack.swift in Sources */ = {isa = PBXBuildFile; fileRef = 7275E5C12A0A34960091FA7A /* NavigationSwipHack.swift */; };
		7275E5C32A0A34960091FA7A /* NavigationSwipHack.swift in Sources */ = {isa = PBXBuildFile; fileRef = 7275E5C12A0A34960091FA7A /* NavigationSwipHack.swift */; };
		7275E5C52A0A37AA0091FA7A /* ResetPasswordView.swift in Sources */ = {isa = PBXBuildFile; fileRef = 7275E5C42A0A37AA0091FA7A /* ResetPasswordView.swift */; };
		7275E5C82A0A41760091FA7A /* WebView.swift in Sources */ = {isa = PBXBuildFile; fileRef = 7275E5C72A0A41760091FA7A /* WebView.swift */; };
		7275E5CB2A0A4EDC0091FA7A /* WebViewService.swift in Sources */ = {isa = PBXBuildFile; fileRef = 7275E5CA2A0A4EDC0091FA7A /* WebViewService.swift */; };
		7275E5CE2A0AA3A00091FA7A /* Version.swift in Sources */ = {isa = PBXBuildFile; fileRef = 7275E5CD2A0AA3A00091FA7A /* Version.swift */; };
		7275E5D42A0B2A560091FA7A /* NavigationService.swift in Sources */ = {isa = PBXBuildFile; fileRef = 7275E5D32A0B2A560091FA7A /* NavigationService.swift */; };
		7276F5DE29EAD77200A937DD /* Onboarding.swift in Sources */ = {isa = PBXBuildFile; fileRef = 7276F5DD29EAD77200A937DD /* Onboarding.swift */; };
		7276F5E129EADAF200A937DD /* Utils.swift in Sources */ = {isa = PBXBuildFile; fileRef = 7276F5E029EADAF200A937DD /* Utils.swift */; };
		7276F5E729EC35D200A937DD /* OnboardingService.swift in Sources */ = {isa = PBXBuildFile; fileRef = 7276F5E629EC35D200A937DD /* OnboardingService.swift */; };
		7276F5EA29EE20C400A937DD /* Codable+JSON.swift in Sources */ = {isa = PBXBuildFile; fileRef = 7276F5E929EE20C400A937DD /* Codable+JSON.swift */; };
		7276F5EC29EE215900A937DD /* Withable.swift in Sources */ = {isa = PBXBuildFile; fileRef = 7276F5EB29EE215900A937DD /* Withable.swift */; };
		72EB6BB12A0C85F900D317B3 /* ConnectButton.swift in Sources */ = {isa = PBXBuildFile; fileRef = 72EB6BB02A0C85F900D317B3 /* ConnectButton.swift */; };
		72EB6BB32A0CBA2800D317B3 /* ConnectionService.swift in Sources */ = {isa = PBXBuildFile; fileRef = 72EB6BB22A0CBA2800D317B3 /* ConnectionService.swift */; };
/* End PBXBuildFile section */

/* Begin PBXContainerItemProxy section */
		7208213929E951B300D36AF3 /* PBXContainerItemProxy */ = {
			isa = PBXContainerItemProxy;
			containerPortal = 7208212029E951B200D36AF3 /* Project object */;
			proxyType = 1;
			remoteGlobalIDString = 7208212729E951B200D36AF3;
			remoteInfo = "orange-accelerator";
		};
		7208214329E951B300D36AF3 /* PBXContainerItemProxy */ = {
			isa = PBXContainerItemProxy;
			containerPortal = 7208212029E951B200D36AF3 /* Project object */;
			proxyType = 1;
			remoteGlobalIDString = 7208212729E951B200D36AF3;
			remoteInfo = "orange-accelerator";
		};
		7273D89729FE40D80006BDA4 /* PBXContainerItemProxy */ = {
			isa = PBXContainerItemProxy;
			containerPortal = 7208212029E951B200D36AF3 /* Project object */;
			proxyType = 1;
			remoteGlobalIDString = 7273D88F29FE40D80006BDA4;
			remoteInfo = "orange-tunnel";
		};
/* End PBXContainerItemProxy section */

/* Begin PBXCopyFilesBuildPhase section */
		72022AF029FD434C00DC9012 /* Embed Foundation Extensions */ = {
			isa = PBXCopyFilesBuildPhase;
			buildActionMask = 2147483647;
			dstPath = "";
			dstSubfolderSpec = 13;
			files = (
				7273D89929FE40D80006BDA4 /* orange-tunnel.appex in Embed Foundation Extensions */,
			);
			name = "Embed Foundation Extensions";
			runOnlyForDeploymentPostprocessing = 0;
		};
/* End PBXCopyFilesBuildPhase section */

/* Begin PBXFileReference section */
		72022A5129F3DCCF00DC9012 /* Linkman.swift */ = {isa = PBXFileReference; lastKnownFileType = sourcecode.swift; path = Linkman.swift; sourceTree = "<group>"; };
		72022A5329F3FF6400DC9012 /* RegisterView.swift */ = {isa = PBXFileReference; lastKnownFileType = sourcecode.swift; path = RegisterView.swift; sourceTree = "<group>"; };
		72022A5529F409B300DC9012 /* View+helper.swift */ = {isa = PBXFileReference; lastKnownFileType = sourcecode.swift; path = "View+helper.swift"; sourceTree = "<group>"; };
		72022A5929F418A100DC9012 /* ErrorView.swift */ = {isa = PBXFileReference; lastKnownFileType = sourcecode.swift; path = ErrorView.swift; sourceTree = "<group>"; };
		72022A5D29F4273100DC9012 /* ErrorService.swift */ = {isa = PBXFileReference; lastKnownFileType = sourcecode.swift; path = ErrorService.swift; sourceTree = "<group>"; };
		72022ABF29F7C23C00DC9012 /* Box.swift */ = {isa = PBXFileReference; lastKnownFileType = sourcecode.swift; path = Box.swift; sourceTree = "<group>"; };
		72022AC129F7C68A00DC9012 /* String+Util.swift */ = {isa = PBXFileReference; lastKnownFileType = sourcecode.swift; path = "String+Util.swift"; sourceTree = "<group>"; };
		72022AC329F8FF8300DC9012 /* LoadingView.swift */ = {isa = PBXFileReference; lastKnownFileType = sourcecode.swift; path = LoadingView.swift; sourceTree = "<group>"; };
		72022AC729F9198F00DC9012 /* OnboardingView.swift */ = {isa = PBXFileReference; lastKnownFileType = sourcecode.swift; path = OnboardingView.swift; sourceTree = "<group>"; };
		72022AC929FA078900DC9012 /* TokenService.swift */ = {isa = PBXFileReference; lastKnownFileType = sourcecode.swift; path = TokenService.swift; sourceTree = "<group>"; };
		72022ACB29FA081600DC9012 /* UserDefault+Orange.swift */ = {isa = PBXFileReference; lastKnownFileType = sourcecode.swift; path = "UserDefault+Orange.swift"; sourceTree = "<group>"; };
		72022ACE29FA206200DC9012 /* MainContentView.swift */ = {isa = PBXFileReference; lastKnownFileType = sourcecode.swift; path = MainContentView.swift; sourceTree = "<group>"; };
		72022AD029FA2A1E00DC9012 /* ModePickerView.swift */ = {isa = PBXFileReference; lastKnownFileType = sourcecode.swift; path = ModePickerView.swift; sourceTree = "<group>"; };
		72022AD629FA61FF00DC9012 /* SideMenuView.swift */ = {isa = PBXFileReference; lastKnownFileType = sourcecode.swift; path = SideMenuView.swift; sourceTree = "<group>"; };
		72022AD829FA724C00DC9012 /* MainView.swift */ = {isa = PBXFileReference; lastKnownFileType = sourcecode.swift; path = MainView.swift; sourceTree = "<group>"; };
		72022AE329FD434C00DC9012 /* NetworkExtension.framework */ = {isa = PBXFileReference; lastKnownFileType = wrapper.framework; name = NetworkExtension.framework; path = System/Library/Frameworks/NetworkExtension.framework; sourceTree = SDKROOT; };
		72022AF129FD437000DC9012 /* orange-accelerator.entitlements */ = {isa = PBXFileReference; lastKnownFileType = text.plist.entitlements; path = "orange-accelerator.entitlements"; sourceTree = "<group>"; };
		72022AF829FE300000DC9012 /* Info.plist */ = {isa = PBXFileReference; lastKnownFileType = text.plist; path = Info.plist; sourceTree = "<group>"; };
		7208212829E951B200D36AF3 /* orange-accelerator.app */ = {isa = PBXFileReference; explicitFileType = wrapper.application; includeInIndex = 0; path = "orange-accelerator.app"; sourceTree = BUILT_PRODUCTS_DIR; };
		7208212B29E951B200D36AF3 /* orange_acceleratorApp.swift */ = {isa = PBXFileReference; lastKnownFileType = sourcecode.swift; path = orange_acceleratorApp.swift; sourceTree = "<group>"; };
		7208212D29E951B200D36AF3 /* ContentView.swift */ = {isa = PBXFileReference; lastKnownFileType = sourcecode.swift; path = ContentView.swift; sourceTree = "<group>"; };
		7208212F29E951B300D36AF3 /* Assets.xcassets */ = {isa = PBXFileReference; lastKnownFileType = folder.assetcatalog; path = Assets.xcassets; sourceTree = "<group>"; };
		7208213229E951B300D36AF3 /* Preview Assets.xcassets */ = {isa = PBXFileReference; lastKnownFileType = folder.assetcatalog; path = "Preview Assets.xcassets"; sourceTree = "<group>"; };
		7208213829E951B300D36AF3 /* orange-acceleratorTests.xctest */ = {isa = PBXFileReference; explicitFileType = wrapper.cfbundle; includeInIndex = 0; path = "orange-acceleratorTests.xctest"; sourceTree = BUILT_PRODUCTS_DIR; };
		7208213C29E951B300D36AF3 /* orange_acceleratorTests.swift */ = {isa = PBXFileReference; lastKnownFileType = sourcecode.swift; path = orange_acceleratorTests.swift; sourceTree = "<group>"; };
		7208214229E951B300D36AF3 /* orange-acceleratorUITests.xctest */ = {isa = PBXFileReference; explicitFileType = wrapper.cfbundle; includeInIndex = 0; path = "orange-acceleratorUITests.xctest"; sourceTree = BUILT_PRODUCTS_DIR; };
		7208214629E951B300D36AF3 /* orange_acceleratorUITests.swift */ = {isa = PBXFileReference; lastKnownFileType = sourcecode.swift; path = orange_acceleratorUITests.swift; sourceTree = "<group>"; };
		7208214829E951B300D36AF3 /* orange_acceleratorUITestsLaunchTests.swift */ = {isa = PBXFileReference; lastKnownFileType = sourcecode.swift; path = orange_acceleratorUITestsLaunchTests.swift; sourceTree = "<group>"; };
		7208215729EAC5AD00D36AF3 /* LoginView.swift */ = {isa = PBXFileReference; lastKnownFileType = sourcecode.swift; path = LoginView.swift; sourceTree = "<group>"; };
		722513512A12319C00E3ED85 /* InviteService.swift */ = {isa = PBXFileReference; lastKnownFileType = sourcecode.swift; path = InviteService.swift; sourceTree = "<group>"; };
		722513532A12515800E3ED85 /* InviteView.swift */ = {isa = PBXFileReference; lastKnownFileType = sourcecode.swift; path = InviteView.swift; sourceTree = "<group>"; };
		722513552A12525900E3ED85 /* Separator.swift */ = {isa = PBXFileReference; lastKnownFileType = sourcecode.swift; path = Separator.swift; sourceTree = "<group>"; };
		722513572A1375FB00E3ED85 /* URLComponents+Util.swift */ = {isa = PBXFileReference; lastKnownFileType = sourcecode.swift; path = "URLComponents+Util.swift"; sourceTree = "<group>"; };
		7227007B2A0B63360098D988 /* v2ray.routing.json */ = {isa = PBXFileReference; fileEncoding = 4; lastKnownFileType = text.json; path = v2ray.routing.json; sourceTree = "<group>"; };
		722700812A0C6D990098D988 /* FirstTimeRestart.swift */ = {isa = PBXFileReference; lastKnownFileType = sourcecode.swift; path = FirstTimeRestart.swift; sourceTree = "<group>"; };
		7273D89029FE40D80006BDA4 /* orange-tunnel.appex */ = {isa = PBXFileReference; explicitFileType = "wrapper.app-extension"; includeInIndex = 0; path = "orange-tunnel.appex"; sourceTree = BUILT_PRODUCTS_DIR; };
		7273D89329FE40D80006BDA4 /* PacketTunnelProvider.swift */ = {isa = PBXFileReference; lastKnownFileType = sourcecode.swift; path = PacketTunnelProvider.swift; sourceTree = "<group>"; };
		7273D89529FE40D80006BDA4 /* Info.plist */ = {isa = PBXFileReference; lastKnownFileType = text.plist.xml; path = Info.plist; sourceTree = "<group>"; };
		7273D89629FE40D80006BDA4 /* orange_tunnel.entitlements */ = {isa = PBXFileReference; lastKnownFileType = text.plist.entitlements; path = orange_tunnel.entitlements; sourceTree = "<group>"; };
		7273D89D29FE43780006BDA4 /* v2ray.json */ = {isa = PBXFileReference; fileEncoding = 4; lastKnownFileType = text.json; path = v2ray.json; sourceTree = "<group>"; };
		7275E5972A0623330091FA7A /* EndpointService.swift */ = {isa = PBXFileReference; lastKnownFileType = sourcecode.swift; path = EndpointService.swift; sourceTree = "<group>"; };
		7275E5992A062F850091FA7A /* NETunnelProviderManager+Helper.swift */ = {isa = PBXFileReference; lastKnownFileType = sourcecode.swift; path = "NETunnelProviderManager+Helper.swift"; sourceTree = "<group>"; };
		7275E59D2A0687DC0091FA7A /* Account.swift */ = {isa = PBXFileReference; lastKnownFileType = sourcecode.swift; path = Account.swift; sourceTree = "<group>"; };
		7275E59F2A06B2BD0091FA7A /* RouteMode.swift */ = {isa = PBXFileReference; lastKnownFileType = sourcecode.swift; path = RouteMode.swift; sourceTree = "<group>"; };
		7275E5A52A06B9D30091FA7A /* V2Config.swift */ = {isa = PBXFileReference; lastKnownFileType = sourcecode.swift; path = V2Config.swift; sourceTree = "<group>"; };
		7275E5A72A08F2D80091FA7A /* geosite.dat */ = {isa = PBXFileReference; lastKnownFileType = file; path = geosite.dat; sourceTree = "<group>"; };
		7275E5A92A08F5670091FA7A /* NodeListView.swift */ = {isa = PBXFileReference; lastKnownFileType = sourcecode.swift; path = NodeListView.swift; sourceTree = "<group>"; };
		7275E5AD2A0903BF0091FA7A /* PopupView.swift */ = {isa = PBXFileReference; lastKnownFileType = sourcecode.swift; path = PopupView.swift; sourceTree = "<group>"; };
		7275E5AF2A0929D90091FA7A /* MemberStoreView.swift */ = {isa = PBXFileReference; lastKnownFileType = sourcecode.swift; path = MemberStoreView.swift; sourceTree = "<group>"; };
		7275E5B32A09D5F20091FA7A /* ConnectionStatusView.swift */ = {isa = PBXFileReference; lastKnownFileType = sourcecode.swift; path = ConnectionStatusView.swift; sourceTree = "<group>"; };
		7275E5B52A09F3430091FA7A /* v2orange.xcframework */ = {isa = PBXFileReference; lastKnownFileType = wrapper.xcframework; path = v2orange.xcframework; sourceTree = "<group>"; };
		7275E5B82A09FB010091FA7A /* MemberStore.swift */ = {isa = PBXFileReference; lastKnownFileType = sourcecode.swift; path = MemberStore.swift; sourceTree = "<group>"; };
		7275E5BB2A0A15760091FA7A /* OrangeButton.swift */ = {isa = PBXFileReference; lastKnownFileType = sourcecode.swift; path = OrangeButton.swift; sourceTree = "<group>"; };
		7275E5BE2A0A276C0091FA7A /* NavigationTitleView.swift */ = {isa = PBXFileReference; lastKnownFileType = sourcecode.swift; path = NavigationTitleView.swift; sourceTree = "<group>"; };
		7275E5C12A0A34960091FA7A /* NavigationSwipHack.swift */ = {isa = PBXFileReference; lastKnownFileType = sourcecode.swift; path = NavigationSwipHack.swift; sourceTree = "<group>"; };
		7275E5C42A0A37AA0091FA7A /* ResetPasswordView.swift */ = {isa = PBXFileReference; lastKnownFileType = sourcecode.swift; path = ResetPasswordView.swift; sourceTree = "<group>"; };
		7275E5C72A0A41760091FA7A /* WebView.swift */ = {isa = PBXFileReference; lastKnownFileType = sourcecode.swift; path = WebView.swift; sourceTree = "<group>"; };
		7275E5CA2A0A4EDC0091FA7A /* WebViewService.swift */ = {isa = PBXFileReference; lastKnownFileType = sourcecode.swift; path = WebViewService.swift; sourceTree = "<group>"; };
		7275E5CD2A0AA3A00091FA7A /* Version.swift */ = {isa = PBXFileReference; lastKnownFileType = sourcecode.swift; path = Version.swift; sourceTree = "<group>"; };
		7275E5D32A0B2A560091FA7A /* NavigationService.swift */ = {isa = PBXFileReference; lastKnownFileType = sourcecode.swift; path = NavigationService.swift; sourceTree = "<group>"; };
		7276F5DD29EAD77200A937DD /* Onboarding.swift */ = {isa = PBXFileReference; lastKnownFileType = sourcecode.swift; path = Onboarding.swift; sourceTree = "<group>"; };
		7276F5E029EADAF200A937DD /* Utils.swift */ = {isa = PBXFileReference; lastKnownFileType = sourcecode.swift; path = Utils.swift; sourceTree = "<group>"; };
		7276F5E629EC35D200A937DD /* OnboardingService.swift */ = {isa = PBXFileReference; lastKnownFileType = sourcecode.swift; path = OnboardingService.swift; sourceTree = "<group>"; };
		7276F5E929EE20C400A937DD /* Codable+JSON.swift */ = {isa = PBXFileReference; lastKnownFileType = sourcecode.swift; path = "Codable+JSON.swift"; sourceTree = "<group>"; };
		7276F5EB29EE215900A937DD /* Withable.swift */ = {isa = PBXFileReference; lastKnownFileType = sourcecode.swift; path = Withable.swift; sourceTree = "<group>"; };
		72EB6BB02A0C85F900D317B3 /* ConnectButton.swift */ = {isa = PBXFileReference; lastKnownFileType = sourcecode.swift; path = ConnectButton.swift; sourceTree = "<group>"; };
		72EB6BB22A0CBA2800D317B3 /* ConnectionService.swift */ = {isa = PBXFileReference; lastKnownFileType = sourcecode.swift; path = ConnectionService.swift; sourceTree = "<group>"; };
/* End PBXFileReference section */

/* Begin PBXFrameworksBuildPhase section */
		7208212529E951B200D36AF3 /* Frameworks */ = {
			isa = PBXFrameworksBuildPhase;
			buildActionMask = 2147483647;
			files = (
				72022AF729FE2F7600DC9012 /* NetworkExtension.framework in Frameworks */,
				7275E5B62A09F3430091FA7A /* v2orange.xcframework in Frameworks */,
			);
			runOnlyForDeploymentPostprocessing = 0;
		};
		7208213529E951B300D36AF3 /* Frameworks */ = {
			isa = PBXFrameworksBuildPhase;
			buildActionMask = 2147483647;
			files = (
			);
			runOnlyForDeploymentPostprocessing = 0;
		};
		7208213F29E951B300D36AF3 /* Frameworks */ = {
			isa = PBXFrameworksBuildPhase;
			buildActionMask = 2147483647;
			files = (
			);
			runOnlyForDeploymentPostprocessing = 0;
		};
		7273D88D29FE40D80006BDA4 /* Frameworks */ = {
			isa = PBXFrameworksBuildPhase;
			buildActionMask = 2147483647;
			files = (
				7273D89129FE40D80006BDA4 /* NetworkExtension.framework in Frameworks */,
				7275E5B72A09F3430091FA7A /* v2orange.xcframework in Frameworks */,
			);
			runOnlyForDeploymentPostprocessing = 0;
		};
/* End PBXFrameworksBuildPhase section */

/* Begin PBXGroup section */
		72022ACD29FA1D3E00DC9012 /* Main */ = {
			isa = PBXGroup;
			children = (
				72022AD829FA724C00DC9012 /* MainView.swift */,
				72022ACE29FA206200DC9012 /* MainContentView.swift */,
				7275E5B32A09D5F20091FA7A /* ConnectionStatusView.swift */,
				72022AD029FA2A1E00DC9012 /* ModePickerView.swift */,
				72022AD629FA61FF00DC9012 /* SideMenuView.swift */,
				7275E5A92A08F5670091FA7A /* NodeListView.swift */,
				7275E5AF2A0929D90091FA7A /* MemberStoreView.swift */,
				7275E5C42A0A37AA0091FA7A /* ResetPasswordView.swift */,
				72EB6BB02A0C85F900D317B3 /* ConnectButton.swift */,
				722513532A12515800E3ED85 /* InviteView.swift */,
			);
			path = Main;
			sourceTree = "<group>";
		};
		72022ADA29FCD87700DC9012 /* frameworks */ = {
			isa = PBXGroup;
			children = (
				7275E5B52A09F3430091FA7A /* v2orange.xcframework */,
			);
			path = frameworks;
			sourceTree = "<group>";
		};
		72022AE229FD434C00DC9012 /* Frameworks */ = {
			isa = PBXGroup;
			children = (
				72022AE329FD434C00DC9012 /* NetworkExtension.framework */,
			);
			name = Frameworks;
			sourceTree = "<group>";
		};
		7208211F29E951B200D36AF3 = {
			isa = PBXGroup;
			children = (
				72022ADA29FCD87700DC9012 /* frameworks */,
				7208212A29E951B200D36AF3 /* orange-accelerator */,
				7208213B29E951B300D36AF3 /* orange-acceleratorTests */,
				7208214529E951B300D36AF3 /* orange-acceleratorUITests */,
				7273D89229FE40D80006BDA4 /* orange-tunnel */,
				72022AE229FD434C00DC9012 /* Frameworks */,
				7208212929E951B200D36AF3 /* Products */,
			);
			sourceTree = "<group>";
		};
		7208212929E951B200D36AF3 /* Products */ = {
			isa = PBXGroup;
			children = (
				7208212829E951B200D36AF3 /* orange-accelerator.app */,
				7208213829E951B300D36AF3 /* orange-acceleratorTests.xctest */,
				7208214229E951B300D36AF3 /* orange-acceleratorUITests.xctest */,
				7273D89029FE40D80006BDA4 /* orange-tunnel.appex */,
			);
			name = Products;
			sourceTree = "<group>";
		};
		7208212A29E951B200D36AF3 /* orange-accelerator */ = {
			isa = PBXGroup;
			children = (
				72022AF829FE300000DC9012 /* Info.plist */,
				72022AF129FD437000DC9012 /* orange-accelerator.entitlements */,
				7276F5E829EE20AB00A937DD /* Shared */,
				7208215629EAC59400D36AF3 /* Model */,
				7208215529EAC56E00D36AF3 /* Views */,
				7208212B29E951B200D36AF3 /* orange_acceleratorApp.swift */,
				7208212D29E951B200D36AF3 /* ContentView.swift */,
				7208212F29E951B300D36AF3 /* Assets.xcassets */,
				7208213129E951B300D36AF3 /* Preview Content */,
			);
			path = "orange-accelerator";
			sourceTree = "<group>";
		};
		7208213129E951B300D36AF3 /* Preview Content */ = {
			isa = PBXGroup;
			children = (
				7208213229E951B300D36AF3 /* Preview Assets.xcassets */,
			);
			path = "Preview Content";
			sourceTree = "<group>";
		};
		7208213B29E951B300D36AF3 /* orange-acceleratorTests */ = {
			isa = PBXGroup;
			children = (
				7208213C29E951B300D36AF3 /* orange_acceleratorTests.swift */,
			);
			path = "orange-acceleratorTests";
			sourceTree = "<group>";
		};
		7208214529E951B300D36AF3 /* orange-acceleratorUITests */ = {
			isa = PBXGroup;
			children = (
				7208214629E951B300D36AF3 /* orange_acceleratorUITests.swift */,
				7208214829E951B300D36AF3 /* orange_acceleratorUITestsLaunchTests.swift */,
			);
			path = "orange-acceleratorUITests";
			sourceTree = "<group>";
		};
		7208215529EAC56E00D36AF3 /* Views */ = {
			isa = PBXGroup;
			children = (
				72022ACD29FA1D3E00DC9012 /* Main */,
				7276F5DF29EADAC700A937DD /* Shared */,
				7276F5D829EAD2C100A937DD /* Onboarding */,
			);
			path = Views;
			sourceTree = "<group>";
		};
		7208215629EAC59400D36AF3 /* Model */ = {
			isa = PBXGroup;
			children = (
				72022A5129F3DCCF00DC9012 /* Linkman.swift */,
				7276F5E629EC35D200A937DD /* OnboardingService.swift */,
				72022A5D29F4273100DC9012 /* ErrorService.swift */,
				72022ABF29F7C23C00DC9012 /* Box.swift */,
				72022AC929FA078900DC9012 /* TokenService.swift */,
				7275E5972A0623330091FA7A /* EndpointService.swift */,
				7275E5992A062F850091FA7A /* NETunnelProviderManager+Helper.swift */,
				7275E59D2A0687DC0091FA7A /* Account.swift */,
				7275E59F2A06B2BD0091FA7A /* RouteMode.swift */,
				7275E5B82A09FB010091FA7A /* MemberStore.swift */,
				7275E5CA2A0A4EDC0091FA7A /* WebViewService.swift */,
				7275E5CD2A0AA3A00091FA7A /* Version.swift */,
				7275E5D32A0B2A560091FA7A /* NavigationService.swift */,
				722700812A0C6D990098D988 /* FirstTimeRestart.swift */,
				72EB6BB22A0CBA2800D317B3 /* ConnectionService.swift */,
				722513512A12319C00E3ED85 /* InviteService.swift */,
			);
			path = Model;
			sourceTree = "<group>";
		};
		7273D89229FE40D80006BDA4 /* orange-tunnel */ = {
			isa = PBXGroup;
			children = (
				7275E5A72A08F2D80091FA7A /* geosite.dat */,
				7273D89D29FE43780006BDA4 /* v2ray.json */,
				7227007B2A0B63360098D988 /* v2ray.routing.json */,
				7273D89329FE40D80006BDA4 /* PacketTunnelProvider.swift */,
				7273D89529FE40D80006BDA4 /* Info.plist */,
				7273D89629FE40D80006BDA4 /* orange_tunnel.entitlements */,
			);
			path = "orange-tunnel";
			sourceTree = "<group>";
		};
		7276F5D829EAD2C100A937DD /* Onboarding */ = {
			isa = PBXGroup;
			children = (
				7208215729EAC5AD00D36AF3 /* LoginView.swift */,
				72022A5329F3FF6400DC9012 /* RegisterView.swift */,
				7276F5DD29EAD77200A937DD /* Onboarding.swift */,
				72022AC729F9198F00DC9012 /* OnboardingView.swift */,
			);
			path = Onboarding;
			sourceTree = "<group>";
		};
		7276F5DF29EADAC700A937DD /* Shared */ = {
			isa = PBXGroup;
			children = (
				7275E5AD2A0903BF0091FA7A /* PopupView.swift */,
				7276F5E029EADAF200A937DD /* Utils.swift */,
				72022A5929F418A100DC9012 /* ErrorView.swift */,
				72022AC329F8FF8300DC9012 /* LoadingView.swift */,
				7275E5BB2A0A15760091FA7A /* OrangeButton.swift */,
				7275E5BE2A0A276C0091FA7A /* NavigationTitleView.swift */,
				7275E5C72A0A41760091FA7A /* WebView.swift */,
				722513552A12525900E3ED85 /* Separator.swift */,
			);
			path = Shared;
			sourceTree = "<group>";
		};
		7276F5E829EE20AB00A937DD /* Shared */ = {
			isa = PBXGroup;
			children = (
				7276F5E929EE20C400A937DD /* Codable+JSON.swift */,
				7276F5EB29EE215900A937DD /* Withable.swift */,
				72022A5529F409B300DC9012 /* View+helper.swift */,
				72022AC129F7C68A00DC9012 /* String+Util.swift */,
				72022ACB29FA081600DC9012 /* UserDefault+Orange.swift */,
				7275E5A52A06B9D30091FA7A /* V2Config.swift */,
				7275E5C12A0A34960091FA7A /* NavigationSwipHack.swift */,
				722513572A1375FB00E3ED85 /* URLComponents+Util.swift */,
			);
			path = Shared;
			sourceTree = "<group>";
		};
/* End PBXGroup section */

/* Begin PBXNativeTarget section */
		7208212729E951B200D36AF3 /* orange-accelerator */ = {
			isa = PBXNativeTarget;
			buildConfigurationList = 7208214C29E951B300D36AF3 /* Build configuration list for PBXNativeTarget "orange-accelerator" */;
			buildPhases = (
				7208212429E951B200D36AF3 /* Sources */,
				7208212529E951B200D36AF3 /* Frameworks */,
				7208212629E951B200D36AF3 /* Resources */,
				72022AF029FD434C00DC9012 /* Embed Foundation Extensions */,
			);
			buildRules = (
			);
			dependencies = (
				7273D89829FE40D80006BDA4 /* PBXTargetDependency */,
			);
			name = "orange-accelerator";
			productName = "orange-accelerator";
			productReference = 7208212829E951B200D36AF3 /* orange-accelerator.app */;
			productType = "com.apple.product-type.application";
		};
		7208213729E951B300D36AF3 /* orange-acceleratorTests */ = {
			isa = PBXNativeTarget;
			buildConfigurationList = 7208214F29E951B300D36AF3 /* Build configuration list for PBXNativeTarget "orange-acceleratorTests" */;
			buildPhases = (
				7208213429E951B300D36AF3 /* Sources */,
				7208213529E951B300D36AF3 /* Frameworks */,
				7208213629E951B300D36AF3 /* Resources */,
			);
			buildRules = (
			);
			dependencies = (
				7208213A29E951B300D36AF3 /* PBXTargetDependency */,
			);
			name = "orange-acceleratorTests";
			productName = "orange-acceleratorTests";
			productReference = 7208213829E951B300D36AF3 /* orange-acceleratorTests.xctest */;
			productType = "com.apple.product-type.bundle.unit-test";
		};
		7208214129E951B300D36AF3 /* orange-acceleratorUITests */ = {
			isa = PBXNativeTarget;
			buildConfigurationList = 7208215229E951B300D36AF3 /* Build configuration list for PBXNativeTarget "orange-acceleratorUITests" */;
			buildPhases = (
				7208213E29E951B300D36AF3 /* Sources */,
				7208213F29E951B300D36AF3 /* Frameworks */,
				7208214029E951B300D36AF3 /* Resources */,
			);
			buildRules = (
			);
			dependencies = (
				7208214429E951B300D36AF3 /* PBXTargetDependency */,
			);
			name = "orange-acceleratorUITests";
			productName = "orange-acceleratorUITests";
			productReference = 7208214229E951B300D36AF3 /* orange-acceleratorUITests.xctest */;
			productType = "com.apple.product-type.bundle.ui-testing";
		};
		7273D88F29FE40D80006BDA4 /* orange-tunnel */ = {
			isa = PBXNativeTarget;
			buildConfigurationList = 7273D89A29FE40D80006BDA4 /* Build configuration list for PBXNativeTarget "orange-tunnel" */;
			buildPhases = (
				7273D88C29FE40D80006BDA4 /* Sources */,
				7273D88D29FE40D80006BDA4 /* Frameworks */,
				7273D88E29FE40D80006BDA4 /* Resources */,
			);
			buildRules = (
			);
			dependencies = (
			);
			name = "orange-tunnel";
			productName = "orange-tunnel";
			productReference = 7273D89029FE40D80006BDA4 /* orange-tunnel.appex */;
			productType = "com.apple.product-type.app-extension";
		};
/* End PBXNativeTarget section */

/* Begin PBXProject section */
		7208212029E951B200D36AF3 /* Project object */ = {
			isa = PBXProject;
			attributes = {
				BuildIndependentTargetsInParallel = 1;
				LastSwiftUpdateCheck = 1430;
				LastUpgradeCheck = 1430;
				TargetAttributes = {
					7208212729E951B200D36AF3 = {
						CreatedOnToolsVersion = 14.3;
					};
					7208213729E951B300D36AF3 = {
						CreatedOnToolsVersion = 14.3;
						TestTargetID = 7208212729E951B200D36AF3;
					};
					7208214129E951B300D36AF3 = {
						CreatedOnToolsVersion = 14.3;
						TestTargetID = 7208212729E951B200D36AF3;
					};
					7273D88F29FE40D80006BDA4 = {
						CreatedOnToolsVersion = 14.3;
					};
				};
			};
			buildConfigurationList = 7208212329E951B200D36AF3 /* Build configuration list for PBXProject "orange-accelerator" */;
			compatibilityVersion = "Xcode 14.0";
			developmentRegion = en;
			hasScannedForEncodings = 0;
			knownRegions = (
				en,
				Base,
			);
			mainGroup = 7208211F29E951B200D36AF3;
			productRefGroup = 7208212929E951B200D36AF3 /* Products */;
			projectDirPath = "";
			projectRoot = "";
			targets = (
				7208212729E951B200D36AF3 /* orange-accelerator */,
				7208213729E951B300D36AF3 /* orange-acceleratorTests */,
				7208214129E951B300D36AF3 /* orange-acceleratorUITests */,
				7273D88F29FE40D80006BDA4 /* orange-tunnel */,
			);
		};
/* End PBXProject section */

/* Begin PBXResourcesBuildPhase section */
		7208212629E951B200D36AF3 /* Resources */ = {
			isa = PBXResourcesBuildPhase;
			buildActionMask = 2147483647;
			files = (
				7208213329E951B300D36AF3 /* Preview Assets.xcassets in Resources */,
				7208213029E951B300D36AF3 /* Assets.xcassets in Resources */,
			);
			runOnlyForDeploymentPostprocessing = 0;
		};
		7208213629E951B300D36AF3 /* Resources */ = {
			isa = PBXResourcesBuildPhase;
			buildActionMask = 2147483647;
			files = (
			);
			runOnlyForDeploymentPostprocessing = 0;
		};
		7208214029E951B300D36AF3 /* Resources */ = {
			isa = PBXResourcesBuildPhase;
			buildActionMask = 2147483647;
			files = (
			);
			runOnlyForDeploymentPostprocessing = 0;
		};
		7273D88E29FE40D80006BDA4 /* Resources */ = {
			isa = PBXResourcesBuildPhase;
			buildActionMask = 2147483647;
			files = (
				7275E5A82A08F2D80091FA7A /* geosite.dat in Resources */,
			);
			runOnlyForDeploymentPostprocessing = 0;
		};
/* End PBXResourcesBuildPhase section */

/* Begin PBXSourcesBuildPhase section */
		7208212429E951B200D36AF3 /* Sources */ = {
			isa = PBXSourcesBuildPhase;
			buildActionMask = 2147483647;
			files = (
				72022AD729FA61FF00DC9012 /* SideMenuView.swift in Sources */,
				722513542A12515800E3ED85 /* InviteView.swift in Sources */,
				72022AD929FA724C00DC9012 /* MainView.swift in Sources */,
				72022A5429F3FF6400DC9012 /* RegisterView.swift in Sources */,
				7275E5C52A0A37AA0091FA7A /* ResetPasswordView.swift in Sources */,
				7275E5AE2A0903BF0091FA7A /* PopupView.swift in Sources */,
				72EB6BB12A0C85F900D317B3 /* ConnectButton.swift in Sources */,
				7275E5CB2A0A4EDC0091FA7A /* WebViewService.swift in Sources */,
				7275E5CE2A0AA3A00091FA7A /* Version.swift in Sources */,
				7275E5B42A09D5F20091FA7A /* ConnectionStatusView.swift in Sources */,
				7276F5E129EADAF200A937DD /* Utils.swift in Sources */,
				7208215829EAC5AD00D36AF3 /* LoginView.swift in Sources */,
				72022A5E29F4273100DC9012 /* ErrorService.swift in Sources */,
				7275E5982A0623330091FA7A /* EndpointService.swift in Sources */,
				722513562A12525900E3ED85 /* Separator.swift in Sources */,
				72022AD129FA2A1E00DC9012 /* ModePickerView.swift in Sources */,
				7275E5D42A0B2A560091FA7A /* NavigationService.swift in Sources */,
				72022AC429F8FF8300DC9012 /* LoadingView.swift in Sources */,
				7275E59A2A062F850091FA7A /* NETunnelProviderManager+Helper.swift in Sources */,
				7275E5C82A0A41760091FA7A /* WebView.swift in Sources */,
				7275E5BF2A0A276C0091FA7A /* NavigationTitleView.swift in Sources */,
				722513582A1375FB00E3ED85 /* URLComponents+Util.swift in Sources */,
				7276F5EC29EE215900A937DD /* Withable.swift in Sources */,
				7275E5AA2A08F5670091FA7A /* NodeListView.swift in Sources */,
				7275E5A62A06B9D30091FA7A /* V2Config.swift in Sources */,
				722700822A0C6D990098D988 /* FirstTimeRestart.swift in Sources */,
				7276F5DE29EAD77200A937DD /* Onboarding.swift in Sources */,
				7208212E29E951B200D36AF3 /* ContentView.swift in Sources */,
				7276F5EA29EE20C400A937DD /* Codable+JSON.swift in Sources */,
				72022ACC29FA081600DC9012 /* UserDefault+Orange.swift in Sources */,
				72EB6BB32A0CBA2800D317B3 /* ConnectionService.swift in Sources */,
				72022ACA29FA078900DC9012 /* TokenService.swift in Sources */,
				72022AC829F9198F00DC9012 /* OnboardingView.swift in Sources */,
				7275E5B92A09FB010091FA7A /* MemberStore.swift in Sources */,
				7275E5A02A06B2BD0091FA7A /* RouteMode.swift in Sources */,
				72022AC229F7C68A00DC9012 /* String+Util.swift in Sources */,
				7275E5C22A0A34960091FA7A /* NavigationSwipHack.swift in Sources */,
				72022ACF29FA206200DC9012 /* MainContentView.swift in Sources */,
				7275E5B02A0929D90091FA7A /* MemberStoreView.swift in Sources */,
				72022AC029F7C23C00DC9012 /* Box.swift in Sources */,
				7276F5E729EC35D200A937DD /* OnboardingService.swift in Sources */,
				72022A5629F409B300DC9012 /* View+helper.swift in Sources */,
				722513522A12319C00E3ED85 /* InviteService.swift in Sources */,
				7275E5BC2A0A15760091FA7A /* OrangeButton.swift in Sources */,
				7275E59E2A0687DC0091FA7A /* Account.swift in Sources */,
				72022A5229F3DCCF00DC9012 /* Linkman.swift in Sources */,
				72022A5A29F418A100DC9012 /* ErrorView.swift in Sources */,
				7208212C29E951B200D36AF3 /* orange_acceleratorApp.swift in Sources */,
			);
			runOnlyForDeploymentPostprocessing = 0;
		};
		7208213429E951B300D36AF3 /* Sources */ = {
			isa = PBXSourcesBuildPhase;
			buildActionMask = 2147483647;
			files = (
				7208213D29E951B300D36AF3 /* orange_acceleratorTests.swift in Sources */,
			);
			runOnlyForDeploymentPostprocessing = 0;
		};
		7208213E29E951B300D36AF3 /* Sources */ = {
			isa = PBXSourcesBuildPhase;
			buildActionMask = 2147483647;
			files = (
				7208214929E951B300D36AF3 /* orange_acceleratorUITestsLaunchTests.swift in Sources */,
				7208214729E951B300D36AF3 /* orange_acceleratorUITests.swift in Sources */,
			);
			runOnlyForDeploymentPostprocessing = 0;
		};
		7273D88C29FE40D80006BDA4 /* Sources */ = {
			isa = PBXSourcesBuildPhase;
			buildActionMask = 2147483647;
			files = (
				7273D89429FE40D80006BDA4 /* PacketTunnelProvider.swift in Sources */,
				7275E5C32A0A34960091FA7A /* NavigationSwipHack.swift in Sources */,
				722700792A0B5EDA0098D988 /* V2Config.swift in Sources */,
			);
			runOnlyForDeploymentPostprocessing = 0;
		};
/* End PBXSourcesBuildPhase section */

/* Begin PBXTargetDependency section */
		7208213A29E951B300D36AF3 /* PBXTargetDependency */ = {
			isa = PBXTargetDependency;
			target = 7208212729E951B200D36AF3 /* orange-accelerator */;
			targetProxy = 7208213929E951B300D36AF3 /* PBXContainerItemProxy */;
		};
		7208214429E951B300D36AF3 /* PBXTargetDependency */ = {
			isa = PBXTargetDependency;
			target = 7208212729E951B200D36AF3 /* orange-accelerator */;
			targetProxy = 7208214329E951B300D36AF3 /* PBXContainerItemProxy */;
		};
		7273D89829FE40D80006BDA4 /* PBXTargetDependency */ = {
			isa = PBXTargetDependency;
			target = 7273D88F29FE40D80006BDA4 /* orange-tunnel */;
			targetProxy = 7273D89729FE40D80006BDA4 /* PBXContainerItemProxy */;
		};
/* End PBXTargetDependency section */

/* Begin XCBuildConfiguration section */
		7208214A29E951B300D36AF3 /* Debug */ = {
			isa = XCBuildConfiguration;
			buildSettings = {
				ALWAYS_SEARCH_USER_PATHS = NO;
				CLANG_ANALYZER_NONNULL = YES;
				CLANG_ANALYZER_NUMBER_OBJECT_CONVERSION = YES_AGGRESSIVE;
				CLANG_CXX_LANGUAGE_STANDARD = "gnu++20";
				CLANG_ENABLE_MODULES = YES;
				CLANG_ENABLE_OBJC_ARC = YES;
				CLANG_ENABLE_OBJC_WEAK = YES;
				CLANG_WARN_BLOCK_CAPTURE_AUTORELEASING = YES;
				CLANG_WARN_BOOL_CONVERSION = YES;
				CLANG_WARN_COMMA = YES;
				CLANG_WARN_CONSTANT_CONVERSION = YES;
				CLANG_WARN_DEPRECATED_OBJC_IMPLEMENTATIONS = YES;
				CLANG_WARN_DIRECT_OBJC_ISA_USAGE = YES_ERROR;
				CLANG_WARN_DOCUMENTATION_COMMENTS = YES;
				CLANG_WARN_EMPTY_BODY = YES;
				CLANG_WARN_ENUM_CONVERSION = YES;
				CLANG_WARN_INFINITE_RECURSION = YES;
				CLANG_WARN_INT_CONVERSION = YES;
				CLANG_WARN_NON_LITERAL_NULL_CONVERSION = YES;
				CLANG_WARN_OBJC_IMPLICIT_RETAIN_SELF = YES;
				CLANG_WARN_OBJC_LITERAL_CONVERSION = YES;
				CLANG_WARN_OBJC_ROOT_CLASS = YES_ERROR;
				CLANG_WARN_QUOTED_INCLUDE_IN_FRAMEWORK_HEADER = YES;
				CLANG_WARN_RANGE_LOOP_ANALYSIS = YES;
				CLANG_WARN_STRICT_PROTOTYPES = YES;
				CLANG_WARN_SUSPICIOUS_MOVE = YES;
				CLANG_WARN_UNGUARDED_AVAILABILITY = YES_AGGRESSIVE;
				CLANG_WARN_UNREACHABLE_CODE = YES;
				CLANG_WARN__DUPLICATE_METHOD_MATCH = YES;
				COPY_PHASE_STRIP = NO;
				DEBUG_INFORMATION_FORMAT = dwarf;
				ENABLE_STRICT_OBJC_MSGSEND = YES;
				ENABLE_TESTABILITY = YES;
				GCC_C_LANGUAGE_STANDARD = gnu11;
				GCC_DYNAMIC_NO_PIC = NO;
				GCC_NO_COMMON_BLOCKS = YES;
				GCC_OPTIMIZATION_LEVEL = 0;
				GCC_PREPROCESSOR_DEFINITIONS = (
					"DEBUG=1",
					"$(inherited)",
				);
				GCC_WARN_64_TO_32_BIT_CONVERSION = YES;
				GCC_WARN_ABOUT_RETURN_TYPE = YES_ERROR;
				GCC_WARN_UNDECLARED_SELECTOR = YES;
				GCC_WARN_UNINITIALIZED_AUTOS = YES_AGGRESSIVE;
				GCC_WARN_UNUSED_FUNCTION = YES;
				GCC_WARN_UNUSED_VARIABLE = YES;
				IPHONEOS_DEPLOYMENT_TARGET = 14.0;
				MTL_ENABLE_DEBUG_INFO = INCLUDE_SOURCE;
				MTL_FAST_MATH = YES;
				ONLY_ACTIVE_ARCH = YES;
				SDKROOT = iphoneos;
				SWIFT_ACTIVE_COMPILATION_CONDITIONS = DEBUG;
				SWIFT_OPTIMIZATION_LEVEL = "-Onone";
			};
			name = Debug;
		};
		7208214B29E951B300D36AF3 /* Release */ = {
			isa = XCBuildConfiguration;
			buildSettings = {
				ALWAYS_SEARCH_USER_PATHS = NO;
				CLANG_ANALYZER_NONNULL = YES;
				CLANG_ANALYZER_NUMBER_OBJECT_CONVERSION = YES_AGGRESSIVE;
				CLANG_CXX_LANGUAGE_STANDARD = "gnu++20";
				CLANG_ENABLE_MODULES = YES;
				CLANG_ENABLE_OBJC_ARC = YES;
				CLANG_ENABLE_OBJC_WEAK = YES;
				CLANG_WARN_BLOCK_CAPTURE_AUTORELEASING = YES;
				CLANG_WARN_BOOL_CONVERSION = YES;
				CLANG_WARN_COMMA = YES;
				CLANG_WARN_CONSTANT_CONVERSION = YES;
				CLANG_WARN_DEPRECATED_OBJC_IMPLEMENTATIONS = YES;
				CLANG_WARN_DIRECT_OBJC_ISA_USAGE = YES_ERROR;
				CLANG_WARN_DOCUMENTATION_COMMENTS = YES;
				CLANG_WARN_EMPTY_BODY = YES;
				CLANG_WARN_ENUM_CONVERSION = YES;
				CLANG_WARN_INFINITE_RECURSION = YES;
				CLANG_WARN_INT_CONVERSION = YES;
				CLANG_WARN_NON_LITERAL_NULL_CONVERSION = YES;
				CLANG_WARN_OBJC_IMPLICIT_RETAIN_SELF = YES;
				CLANG_WARN_OBJC_LITERAL_CONVERSION = YES;
				CLANG_WARN_OBJC_ROOT_CLASS = YES_ERROR;
				CLANG_WARN_QUOTED_INCLUDE_IN_FRAMEWORK_HEADER = YES;
				CLANG_WARN_RANGE_LOOP_ANALYSIS = YES;
				CLANG_WARN_STRICT_PROTOTYPES = YES;
				CLANG_WARN_SUSPICIOUS_MOVE = YES;
				CLANG_WARN_UNGUARDED_AVAILABILITY = YES_AGGRESSIVE;
				CLANG_WARN_UNREACHABLE_CODE = YES;
				CLANG_WARN__DUPLICATE_METHOD_MATCH = YES;
				COPY_PHASE_STRIP = NO;
				DEBUG_INFORMATION_FORMAT = "dwarf-with-dsym";
				ENABLE_NS_ASSERTIONS = NO;
				ENABLE_STRICT_OBJC_MSGSEND = YES;
				GCC_C_LANGUAGE_STANDARD = gnu11;
				GCC_NO_COMMON_BLOCKS = YES;
				GCC_WARN_64_TO_32_BIT_CONVERSION = YES;
				GCC_WARN_ABOUT_RETURN_TYPE = YES_ERROR;
				GCC_WARN_UNDECLARED_SELECTOR = YES;
				GCC_WARN_UNINITIALIZED_AUTOS = YES_AGGRESSIVE;
				GCC_WARN_UNUSED_FUNCTION = YES;
				GCC_WARN_UNUSED_VARIABLE = YES;
				IPHONEOS_DEPLOYMENT_TARGET = 14.0;
				MTL_ENABLE_DEBUG_INFO = NO;
				MTL_FAST_MATH = YES;
				SDKROOT = iphoneos;
				SWIFT_COMPILATION_MODE = wholemodule;
				SWIFT_OPTIMIZATION_LEVEL = "-O";
				VALIDATE_PRODUCT = YES;
			};
			name = Release;
		};
		7208214D29E951B300D36AF3 /* Debug */ = {
			isa = XCBuildConfiguration;
			buildSettings = {
				ALWAYS_EMBED_SWIFT_STANDARD_LIBRARIES = YES;
				ASSETCATALOG_COMPILER_APPICON_NAME = AppIcon;
				ASSETCATALOG_COMPILER_GLOBAL_ACCENT_COLOR_NAME = AccentColor;
				CODE_SIGN_ENTITLEMENTS = "orange-accelerator/orange-accelerator.entitlements";
				CODE_SIGN_STYLE = Automatic;
				CURRENT_PROJECT_VERSION = 8;
				DEVELOPMENT_ASSET_PATHS = "\"orange-accelerator/Preview Content\"";
				DEVELOPMENT_TEAM = LF5TPWVU4A;
				ENABLE_PREVIEWS = YES;
				GENERATE_INFOPLIST_FILE = YES;
				INFOPLIST_FILE = "orange-accelerator/Info.plist";
				INFOPLIST_KEY_UIApplicationSceneManifest_Generation = YES;
				INFOPLIST_KEY_UIApplicationSupportsIndirectInputEvents = YES;
				INFOPLIST_KEY_UILaunchScreen_Generation = YES;
				INFOPLIST_KEY_UIRequiresFullScreen = YES;
				INFOPLIST_KEY_UISupportedInterfaceOrientations = UIInterfaceOrientationPortrait;
				INFOPLIST_KEY_UIUserInterfaceStyle = Light;
				IPHONEOS_DEPLOYMENT_TARGET = 14.0;
				LD_RUNPATH_SEARCH_PATHS = (
					"$(inherited)",
					"@executable_path/Frameworks",
				);
				MARKETING_VERSION = 0.1.5;
				PRODUCT_BUNDLE_IDENTIFIER = orange.dev;
				PRODUCT_NAME = "$(TARGET_NAME)";
				SUPPORTED_PLATFORMS = "iphoneos iphonesimulator";
				SUPPORTS_MACCATALYST = NO;
				SUPPORTS_MAC_DESIGNED_FOR_IPHONE_IPAD = NO;
				SWIFT_EMIT_LOC_STRINGS = YES;
				SWIFT_VERSION = 5.0;
				TARGETED_DEVICE_FAMILY = 1;
			};
			name = Debug;
		};
		7208214E29E951B300D36AF3 /* Release */ = {
			isa = XCBuildConfiguration;
			buildSettings = {
				ALWAYS_EMBED_SWIFT_STANDARD_LIBRARIES = YES;
				ASSETCATALOG_COMPILER_APPICON_NAME = AppIcon;
				ASSETCATALOG_COMPILER_GLOBAL_ACCENT_COLOR_NAME = AccentColor;
				CODE_SIGN_ENTITLEMENTS = "orange-accelerator/orange-accelerator.entitlements";
				CODE_SIGN_STYLE = Automatic;
				CURRENT_PROJECT_VERSION = 8;
				DEVELOPMENT_ASSET_PATHS = "\"orange-accelerator/Preview Content\"";
				DEVELOPMENT_TEAM = LF5TPWVU4A;
				ENABLE_PREVIEWS = YES;
				GENERATE_INFOPLIST_FILE = YES;
				INFOPLIST_FILE = "orange-accelerator/Info.plist";
				INFOPLIST_KEY_UIApplicationSceneManifest_Generation = YES;
				INFOPLIST_KEY_UIApplicationSupportsIndirectInputEvents = YES;
				INFOPLIST_KEY_UILaunchScreen_Generation = YES;
				INFOPLIST_KEY_UIRequiresFullScreen = YES;
				INFOPLIST_KEY_UISupportedInterfaceOrientations = UIInterfaceOrientationPortrait;
				INFOPLIST_KEY_UIUserInterfaceStyle = Light;
				IPHONEOS_DEPLOYMENT_TARGET = 14.0;
				LD_RUNPATH_SEARCH_PATHS = (
					"$(inherited)",
					"@executable_path/Frameworks",
				);
				MARKETING_VERSION = 0.1.5;
				PRODUCT_BUNDLE_IDENTIFIER = orange.dev;
				PRODUCT_NAME = "$(TARGET_NAME)";
				SUPPORTED_PLATFORMS = "iphoneos iphonesimulator";
				SUPPORTS_MACCATALYST = NO;
				SUPPORTS_MAC_DESIGNED_FOR_IPHONE_IPAD = NO;
				SWIFT_EMIT_LOC_STRINGS = YES;
				SWIFT_VERSION = 5.0;
				TARGETED_DEVICE_FAMILY = 1;
			};
			name = Release;
		};
		7208215029E951B300D36AF3 /* Debug */ = {
			isa = XCBuildConfiguration;
			buildSettings = {
				ALWAYS_EMBED_SWIFT_STANDARD_LIBRARIES = YES;
				BUNDLE_LOADER = "$(TEST_HOST)";
				CODE_SIGN_STYLE = Automatic;
				CURRENT_PROJECT_VERSION = 1;
				DEVELOPMENT_TEAM = F7H2MU2G5P;
				GENERATE_INFOPLIST_FILE = YES;
				IPHONEOS_DEPLOYMENT_TARGET = 16.4;
				MARKETING_VERSION = 1.0;
				PRODUCT_BUNDLE_IDENTIFIER = "serika.orange-acceleratorTests";
				PRODUCT_NAME = "$(TARGET_NAME)";
				SWIFT_EMIT_LOC_STRINGS = NO;
				SWIFT_VERSION = 5.0;
				TARGETED_DEVICE_FAMILY = "1,2";
				TEST_HOST = "$(BUILT_PRODUCTS_DIR)/orange-accelerator.app/$(BUNDLE_EXECUTABLE_FOLDER_PATH)/orange-accelerator";
			};
			name = Debug;
		};
		7208215129E951B300D36AF3 /* Release */ = {
			isa = XCBuildConfiguration;
			buildSettings = {
				ALWAYS_EMBED_SWIFT_STANDARD_LIBRARIES = YES;
				BUNDLE_LOADER = "$(TEST_HOST)";
				CODE_SIGN_STYLE = Automatic;
				CURRENT_PROJECT_VERSION = 1;
				DEVELOPMENT_TEAM = F7H2MU2G5P;
				GENERATE_INFOPLIST_FILE = YES;
				IPHONEOS_DEPLOYMENT_TARGET = 16.4;
				MARKETING_VERSION = 1.0;
				PRODUCT_BUNDLE_IDENTIFIER = "serika.orange-acceleratorTests";
				PRODUCT_NAME = "$(TARGET_NAME)";
				SWIFT_EMIT_LOC_STRINGS = NO;
				SWIFT_VERSION = 5.0;
				TARGETED_DEVICE_FAMILY = "1,2";
				TEST_HOST = "$(BUILT_PRODUCTS_DIR)/orange-accelerator.app/$(BUNDLE_EXECUTABLE_FOLDER_PATH)/orange-accelerator";
			};
			name = Release;
		};
		7208215329E951B300D36AF3 /* Debug */ = {
			isa = XCBuildConfiguration;
			buildSettings = {
				ALWAYS_EMBED_SWIFT_STANDARD_LIBRARIES = YES;
				CODE_SIGN_STYLE = Automatic;
				CURRENT_PROJECT_VERSION = 1;
				DEVELOPMENT_TEAM = F7H2MU2G5P;
				GENERATE_INFOPLIST_FILE = YES;
				MARKETING_VERSION = 1.0;
				PRODUCT_BUNDLE_IDENTIFIER = "serika.orange-acceleratorUITests";
				PRODUCT_NAME = "$(TARGET_NAME)";
				SWIFT_EMIT_LOC_STRINGS = NO;
				SWIFT_VERSION = 5.0;
				TARGETED_DEVICE_FAMILY = "1,2";
				TEST_TARGET_NAME = "orange-accelerator";
			};
			name = Debug;
		};
		7208215429E951B300D36AF3 /* Release */ = {
			isa = XCBuildConfiguration;
			buildSettings = {
				ALWAYS_EMBED_SWIFT_STANDARD_LIBRARIES = YES;
				CODE_SIGN_STYLE = Automatic;
				CURRENT_PROJECT_VERSION = 1;
				DEVELOPMENT_TEAM = F7H2MU2G5P;
				GENERATE_INFOPLIST_FILE = YES;
				MARKETING_VERSION = 1.0;
				PRODUCT_BUNDLE_IDENTIFIER = "serika.orange-acceleratorUITests";
				PRODUCT_NAME = "$(TARGET_NAME)";
				SWIFT_EMIT_LOC_STRINGS = NO;
				SWIFT_VERSION = 5.0;
				TARGETED_DEVICE_FAMILY = "1,2";
				TEST_TARGET_NAME = "orange-accelerator";
			};
			name = Release;
		};
		7273D89B29FE40D80006BDA4 /* Debug */ = {
			isa = XCBuildConfiguration;
			buildSettings = {
				CODE_SIGN_ENTITLEMENTS = "orange-tunnel/orange_tunnel.entitlements";
				CODE_SIGN_STYLE = Automatic;
				CURRENT_PROJECT_VERSION = 6;
				DEVELOPMENT_TEAM = LF5TPWVU4A;
				GENERATE_INFOPLIST_FILE = YES;
				INFOPLIST_FILE = "orange-tunnel/Info.plist";
				INFOPLIST_KEY_CFBundleDisplayName = "orange-tunnel";
				INFOPLIST_KEY_NSHumanReadableCopyright = "";
				IPHONEOS_DEPLOYMENT_TARGET = 14.0;
				LD_RUNPATH_SEARCH_PATHS = (
					"$(inherited)",
					"@executable_path/Frameworks",
					"@executable_path/../../Frameworks",
				);
				MARKETING_VERSION = 0.1.3;
				PRODUCT_BUNDLE_IDENTIFIER = "orange.dev.orange-tunnel";
				PRODUCT_NAME = "$(TARGET_NAME)";
				SKIP_INSTALL = YES;
				SWIFT_EMIT_LOC_STRINGS = YES;
				SWIFT_VERSION = 5.0;
				TARGETED_DEVICE_FAMILY = "1,2";
			};
			name = Debug;
		};
		7273D89C29FE40D80006BDA4 /* Release */ = {
			isa = XCBuildConfiguration;
			buildSettings = {
				CODE_SIGN_ENTITLEMENTS = "orange-tunnel/orange_tunnel.entitlements";
				CODE_SIGN_STYLE = Automatic;
				CURRENT_PROJECT_VERSION = 6;
				DEVELOPMENT_TEAM = LF5TPWVU4A;
				GENERATE_INFOPLIST_FILE = YES;
				INFOPLIST_FILE = "orange-tunnel/Info.plist";
				INFOPLIST_KEY_CFBundleDisplayName = "orange-tunnel";
				INFOPLIST_KEY_NSHumanReadableCopyright = "";
				IPHONEOS_DEPLOYMENT_TARGET = 14.0;
				LD_RUNPATH_SEARCH_PATHS = (
					"$(inherited)",
					"@executable_path/Frameworks",
					"@executable_path/../../Frameworks",
				);
				MARKETING_VERSION = 0.1.3;
				PRODUCT_BUNDLE_IDENTIFIER = "orange.dev.orange-tunnel";
				PRODUCT_NAME = "$(TARGET_NAME)";
				SKIP_INSTALL = YES;
				SWIFT_EMIT_LOC_STRINGS = YES;
				SWIFT_VERSION = 5.0;
				TARGETED_DEVICE_FAMILY = "1,2";
			};
			name = Release;
		};
/* End XCBuildConfiguration section */

/* Begin XCConfigurationList section */
		7208212329E951B200D36AF3 /* Build configuration list for PBXProject "orange-accelerator" */ = {
			isa = XCConfigurationList;
			buildConfigurations = (
				7208214A29E951B300D36AF3 /* Debug */,
				7208214B29E951B300D36AF3 /* Release */,
			);
			defaultConfigurationIsVisible = 0;
			defaultConfigurationName = Release;
		};
		7208214C29E951B300D36AF3 /* Build configuration list for PBXNativeTarget "orange-accelerator" */ = {
			isa = XCConfigurationList;
			buildConfigurations = (
				7208214D29E951B300D36AF3 /* Debug */,
				7208214E29E951B300D36AF3 /* Release */,
			);
			defaultConfigurationIsVisible = 0;
			defaultConfigurationName = Release;
		};
		7208214F29E951B300D36AF3 /* Build configuration list for PBXNativeTarget "orange-acceleratorTests" */ = {
			isa = XCConfigurationList;
			buildConfigurations = (
				7208215029E951B300D36AF3 /* Debug */,
				7208215129E951B300D36AF3 /* Release */,
			);
			defaultConfigurationIsVisible = 0;
			defaultConfigurationName = Release;
		};
		7208215229E951B300D36AF3 /* Build configuration list for PBXNativeTarget "orange-acceleratorUITests" */ = {
			isa = XCConfigurationList;
			buildConfigurations = (
				7208215329E951B300D36AF3 /* Debug */,
				7208215429E951B300D36AF3 /* Release */,
			);
			defaultConfigurationIsVisible = 0;
			defaultConfigurationName = Release;
		};
		7273D89A29FE40D80006BDA4 /* Build configuration list for PBXNativeTarget "orange-tunnel" */ = {
			isa = XCConfigurationList;
			buildConfigurations = (
				7273D89B29FE40D80006BDA4 /* Debug */,
				7273D89C29FE40D80006BDA4 /* Release */,
			);
			defaultConfigurationIsVisible = 0;
			defaultConfigurationName = Release;
		};
/* End XCConfigurationList section */
	};
	rootObject = 7208212029E951B200D36AF3 /* Project object */;
}
